
Microsoft Visual Studio Solution File, Format Version 12.00
# Visual Studio Version 17
VisualStudioVersion = 17.11.35327.3
MinimumVisualStudioVersion = 10.0.40219.1
Project("{FAE04EC0-301F-11D3-BF4B-00C04F79EFBC}") = "TequliasRestaurant", "TequliasRestaurant\TequliasRestaurant.csproj", "{8B6B31E3-30AB-44D3-800A-D2DAAB787D9D}"
EndProject
Global
	GlobalSection(SolutionConfigurationPlatforms) = preSolution
		Debug|Any CPU = Debug|Any CPU
		Release|Any CPU = Release|Any CPU
	EndGlobalSection
	GlobalSection(ProjectConfigurationPlatforms) = postSolution
		{8B6B31E3-30AB-44D3-800A-D2DAAB787D9D}.Debug|Any CPU.ActiveCfg = Debug|Any CPU
		{8B6B31E3-30AB-44D3-800A-D2DAAB787D9D}.Debug|Any CPU.Build.0 = Debug|Any CPU
		{8B6B31E3-30AB-44D3-800A-D2DAAB787D9D}.Release|Any CPU.ActiveCfg = Release|Any CPU
		{8B6B31E3-30AB-44D3-800A-D2DAAB787D9D}.Release|Any CPU.Build.0 = Release|Any CPU
	EndGlobalSection
	GlobalSection(SolutionProperties) = preSolution
		HideSolutionNode = FALSE
	EndGlobalSection
	GlobalSection(ExtensibilityGlobals) = postSolution
		SolutionGuid = {B0950CE2-9C94-4CD5-B24F-C18027288892}
	EndGlobalSection
EndGlobal
